{
  "requires": true,
  "lockfileVersion": 1,
  "dependencies": {
    "fen2yuan": {
      "version": "1.0.4",
      "resolved": "https://registry.npmjs.org/fen2yuan/-/fen2yuan-1.0.4.tgz",
      "integrity": "sha512-5mmR38ejg+gFqu6QF90VMyobtL5etOtlhT793ePKxN1VSIB+pskjIKJAAtq4Nu9JBCTwiUg0s+KvTmh476NSUw=="
    },
    "thousandsth": {
      "version": "1.1.1",
      "resolved": "https://registry.npmjs.org/thousandsth/-/thousandsth-1.1.1.tgz",
      "integrity": "sha512-AYeNx/UKk7jZ0MZXVV+NoOujSst5mJxoupiVXbov8H/Z3fqliboAtliA0jUUJNzmNksWrjFZFLVmsus3QPotyg=="
    }
  }
}
